
Microsoft Visual Studio Solution File, Format Version 12.00
# Visual Studio 15
VisualStudioVersion = 15.0.28307.489
MinimumVisualStudioVersion = 10.0.40219.1
Project("{FAE04EC0-301F-11D3-BF4B-00C04F79EFBC}") = "testgit", "testgit\testgit.csproj", "{AD5BE173-3B3E-442B-AB34-F67FB9234FBC}"
EndProject
Global
	GlobalSection(SolutionConfigurationPlatforms) = preSolution
		Debug|Any CPU = Debug|Any CPU
		Release|Any CPU = Release|Any CPU
	EndGlobalSection
	GlobalSection(ProjectConfigurationPlatforms) = postSolution
		{AD5BE173-3B3E-442B-AB34-F67FB9234FBC}.Debug|Any CPU.ActiveCfg = Debug|Any CPU
		{AD5BE173-3B3E-442B-AB34-F67FB9234FBC}.Debug|Any CPU.Build.0 = Debug|Any CPU
		{AD5BE173-3B3E-442B-AB34-F67FB9234FBC}.Release|Any CPU.ActiveCfg = Release|Any CPU
		{AD5BE173-3B3E-442B-AB34-F67FB9234FBC}.Release|Any CPU.Build.0 = Release|Any CPU
	EndGlobalSection
	GlobalSection(SolutionProperties) = preSolution
		HideSolutionNode = FALSE
	EndGlobalSection
	GlobalSection(ExtensibilityGlobals) = postSolution
		SolutionGuid = {C30D9E22-9D35-4CBD-8B2C-7DC8EA0372B0}
	EndGlobalSection
EndGlobal
